Microsoft Visual Studio Solution File, Format Version 12.00
# Visual Studio Version 17
VisualStudioVersion = 17.5.2.0
MinimumVisualStudioVersion = 10.0.40219.1
Project("{2150E333-8FDC-42A3-9474-1A3956D46DE8}") = "code", "code", "{314C6247-30EA-3492-19B6-DF847E3B326F}"
EndProject
Project("{FAE04EC0-301F-11D3-BF4B-00C04F79EFBC}") = "DatabaseTest", "DatabaseTest\DatabaseTest.csproj", "{FD373C7D-17E9-32F3-B236-75EF29ACC6DF}"
EndProject
Project("{FAE04EC0-301F-11D3-BF4B-00C04F79EFBC}") = "PersonalManagerAPI", "code\PersonalManagerAPI.csproj", "{80D4EEBF-B09A-1781-187E-F6C2156E2B01}"
EndProject
Global
	GlobalSection(SolutionConfigurationPlatforms) = preSolution
		Debug|Any CPU = Debug|Any CPU
		Release|Any CPU = Release|Any CPU
	EndGlobalSection
	GlobalSection(ProjectConfigurationPlatforms) = postSolution
		{FD373C7D-17E9-32F3-B236-75EF29ACC6DF}.Debug|Any CPU.ActiveCfg = Debug|Any CPU
		{FD373C7D-17E9-32F3-B236-75EF29ACC6DF}.Debug|Any CPU.Build.0 = Debug|Any CPU
		{FD373C7D-17E9-32F3-B236-75EF29ACC6DF}.Release|Any CPU.ActiveCfg = Release|Any CPU
		{FD373C7D-17E9-32F3-B236-75EF29ACC6DF}.Release|Any CPU.Build.0 = Release|Any CPU
		{80D4EEBF-B09A-1781-187E-F6C2156E2B01}.Debug|Any CPU.ActiveCfg = Debug|Any CPU
		{80D4EEBF-B09A-1781-187E-F6C2156E2B01}.Debug|Any CPU.Build.0 = Debug|Any CPU
		{80D4EEBF-B09A-1781-187E-F6C2156E2B01}.Release|Any CPU.ActiveCfg = Release|Any CPU
		{80D4EEBF-B09A-1781-187E-F6C2156E2B01}.Release|Any CPU.Build.0 = Release|Any CPU
	EndGlobalSection
	GlobalSection(SolutionProperties) = preSolution
		HideSolutionNode = FALSE
	EndGlobalSection
	GlobalSection(NestedProjects) = preSolution
		{80D4EEBF-B09A-1781-187E-F6C2156E2B01} = {314C6247-30EA-3492-19B6-DF847E3B326F}
	EndGlobalSection
	GlobalSection(ExtensibilityGlobals) = postSolution
		SolutionGuid = {38FA8127-16ED-4A1F-8788-46C4F06216CF}
	EndGlobalSection
EndGlobal
